// !$*UTF8*$!
{
	archiveVersion = 1;
	classes = {
	};
	objectVersion = 77;
	objects = {

/* Begin PBXBuildFile section */
		6E435A632EA521C900D97180 /* FirebaseAI in Frameworks */ = {isa = PBXBuildFile; productRef = 6E435A622EA521C900D97180 /* FirebaseAI */; };
		6E435A652EA521C900D97180 /* FirebaseAnalytics in Frameworks */ = {isa = PBXBuildFile; productRef = 6E435A642EA521C900D97180 /* FirebaseAnalytics */; };
		6E435A672EA521C900D97180 /* FirebaseAuth in Frameworks */ = {isa = PBXBuildFile; productRef = 6E435A662EA521C900D97180 /* FirebaseAuth */; };
		6E435A692EA521C900D97180 /* FirebaseFirestore in Frameworks */ = {isa = PBXBuildFile; productRef = 6E435A682EA521C900D97180 /* FirebaseFirestore */; };
		6E435A6B2EA521C900D97180 /* FirebaseMessaging in Frameworks */ = {isa = PBXBuildFile; productRef = 6E435A6A2EA521C900D97180 /* FirebaseMessaging */; };
		6E4DCB8F2F3F227F005C9326 /* RealityKitContent in Frameworks */ = {isa = PBXBuildFile; productRef = 6E4DCB8E2F3F227F005C9326 /* RealityKitContent */; };
/* End PBXBuildFile section */

/* Begin PBXContainerItemProxy section */
		6E4DCB9C2F3F2280005C9326 /* PBXContainerItemProxy */ = {
			isa = PBXContainerItemProxy;
			containerPortal = 6E7467D02E7F17FE00A3ABD9 /* Project object */;
			proxyType = 1;
			remoteGlobalIDString = 6E4DCB892F3F227F005C9326;
			remoteInfo = "TicTacToePro-VisionOS";
		};
		6EC7D8882F3B3BAB00DBFEEC /* PBXContainerItemProxy */ = {
			isa = PBXContainerItemProxy;
			containerPortal = 6E7467D02E7F17FE00A3ABD9 /* Project object */;
			proxyType = 1;
			remoteGlobalIDString = 6E7467D72E7F17FE00A3ABD9;
			remoteInfo = TicTacToePro;
		};
		6EE631EB2F3F24FB00B68E3A /* PBXContainerItemProxy */ = {
			isa = PBXContainerItemProxy;
			containerPortal = 6E7467D02E7F17FE00A3ABD9 /* Project object */;
			proxyType = 1;
			remoteGlobalIDString = 6EE631DA2F3F24FA00B68E3A;
			remoteInfo = "TicTacToePro-WatchOS Watch App";
		};
		6EE631F52F3F24FC00B68E3A /* PBXContainerItemProxy */ = {
			isa = PBXContainerItemProxy;
			containerPortal = 6E7467D02E7F17FE00A3ABD9 /* Project object */;
			proxyType = 1;
			remoteGlobalIDString = 6EE631DA2F3F24FA00B68E3A;
			remoteInfo = "TicTacToePro-WatchOS Watch App";
		};
/* End PBXContainerItemProxy section */

/* Begin PBXCopyFilesBuildPhase section */
		6EC456902ED9E3380093AFCC /* Embed Watch Content */ = {
			isa = PBXCopyFilesBuildPhase;
			buildActionMask = 2147483647;
			dstPath = "$(CONTENTS_FOLDER_PATH)/Watch";
			dstSubfolderSpec = 16;
			files = (
			);
			name = "Embed Watch Content";
			runOnlyForDeploymentPostprocessing = 0;
		};
/* End PBXCopyFilesBuildPhase section */

/* Begin PBXFileReference section */
		6E4DCB8A2F3F227F005C9326 /* TicTacToePro-VisionOS.app */ = {isa = PBXFileReference; explicitFileType = wrapper.application; includeInIndex = 0; path = "TicTacToePro-VisionOS.app"; sourceTree = BUILT_PRODUCTS_DIR; };
		6E4DCB8D2F3F227F005C9326 /* RealityKitContent */ = {isa = PBXFileReference; lastKnownFileType = wrapper; path = RealityKitContent; sourceTree = "<group>"; };
		6E4DCB9B2F3F2280005C9326 /* TicTacToePro-VisionOSTests.xctest */ = {isa = PBXFileReference; explicitFileType = wrapper.cfbundle; includeInIndex = 0; path = "TicTacToePro-VisionOSTests.xctest"; sourceTree = BUILT_PRODUCTS_DIR; };
		6E7467D82E7F17FE00A3ABD9 /* TicTacToePro.app */ = {isa = PBXFileReference; explicitFileType = wrapper.application; includeInIndex = 0; path = TicTacToePro.app; sourceTree = BUILT_PRODUCTS_DIR; };
		6EC7D8822F3B3BAB00DBFEEC /* TicTacToeProUITests.xctest */ = {isa = PBXFileReference; explicitFileType = wrapper.cfbundle; includeInIndex = 0; path = TicTacToeProUITests.xctest; sourceTree = BUILT_PRODUCTS_DIR; };
		6EE631DB2F3F24FA00B68E3A /* TicTacToePro-WatchOS Watch App.app */ = {isa = PBXFileReference; explicitFileType = wrapper.application; includeInIndex = 0; path = "TicTacToePro-WatchOS Watch App.app"; sourceTree = BUILT_PRODUCTS_DIR; };
		6EE631EA2F3F24FB00B68E3A /* TicTacToePro-WatchOS Watch AppTests.xctest */ = {isa = PBXFileReference; explicitFileType = wrapper.cfbundle; includeInIndex = 0; path = "TicTacToePro-WatchOS Watch AppTests.xctest"; sourceTree = BUILT_PRODUCTS_DIR; };
		6EE631F42F3F24FC00B68E3A /* TicTacToePro-WatchOS Watch AppUITests.xctest */ = {isa = PBXFileReference; explicitFileType = wrapper.cfbundle; includeInIndex = 0; path = "TicTacToePro-WatchOS Watch AppUITests.xctest"; sourceTree = BUILT_PRODUCTS_DIR; };
/* End PBXFileReference section */

/* Begin PBXFileSystemSynchronizedBuildFileExceptionSet section */
		6E1573A32EAE4DA6002A4CC8 /* Exceptions for "TicTacToePro" folder in "TicTacToePro" target */ = {
			isa = PBXFileSystemSynchronizedBuildFileExceptionSet;
			membershipExceptions = (
				Info.plist,
			);
			target = 6E7467D72E7F17FE00A3ABD9 /* TicTacToePro */;
		};
		6EA942B92F49C8AA00400DF3 /* Exceptions for "TicTacToePro-VisionOS" folder in "TicTacToePro-VisionOS" target */ = {
			isa = PBXFileSystemSynchronizedBuildFileExceptionSet;
			membershipExceptions = (
				Info.plist,
			);
			target = 6E4DCB892F3F227F005C9326 /* TicTacToePro-VisionOS */;
		};
/* End PBXFileSystemSynchronizedBuildFileExceptionSet section */

/* Begin PBXFileSystemSynchronizedRootGroup section */
		6E4DCB8B2F3F227F005C9326 /* TicTacToePro-VisionOS */ = {
			isa = PBXFileSystemSynchronizedRootGroup;
			exceptions = (
				6EA942B92F49C8AA00400DF3 /* Exceptions for "TicTacToePro-VisionOS" folder in "TicTacToePro-VisionOS" target */,
			);
			path = "TicTacToePro-VisionOS";
			sourceTree = "<group>";
		};
		6E4DCB9E2F3F2280005C9326 /* TicTacToePro-VisionOSTests */ = {
			isa = PBXFileSystemSynchronizedRootGroup;
			path = "TicTacToePro-VisionOSTests";
			sourceTree = "<group>";
		};
		6E7467DA2E7F17FE00A3ABD9 /* TicTacToePro */ = {
			isa = PBXFileSystemSynchronizedRootGroup;
			exceptions = (
				6E1573A32EAE4DA6002A4CC8 /* Exceptions for "TicTacToePro" folder in "TicTacToePro" target */,
			);
			path = TicTacToePro;
			sourceTree = "<group>";
		};
		6EC7D8832F3B3BAB00DBFEEC /* TicTacToeProUITests */ = {
			isa = PBXFileSystemSynchronizedRootGroup;
			path = TicTacToeProUITests;
			sourceTree = "<group>";
		};
		6EE631DF2F3F24FA00B68E3A /* TicTacToePro-WatchOS Watch App */ = {
			isa = PBXFileSystemSynchronizedRootGroup;
			path = "TicTacToePro-WatchOS Watch App";
			sourceTree = "<group>";
		};
		6EE631ED2F3F24FB00B68E3A /* TicTacToePro-WatchOS Watch AppTests */ = {
			isa = PBXFileSystemSynchronizedRootGroup;
			path = "TicTacToePro-WatchOS Watch AppTests";
			sourceTree = "<group>";
		};
		6EE631F72F3F24FC00B68E3A /* TicTacToePro-WatchOS Watch AppUITests */ = {
			isa = PBXFileSystemSynchronizedRootGroup;
			path = "TicTacToePro-WatchOS Watch AppUITests";
			sourceTree = "<group>";
		};
/* End PBXFileSystemSynchronizedRootGroup section */

/* Begin PBXFrameworksBuildPhase section */
		6E4DCB872F3F227F005C9326 /* Frameworks */ = {
			isa = PBXFrameworksBuildPhase;
			buildActionMask = 2147483647;
			files = (
				6E4DCB8F2F3F227F005C9326 /* RealityKitContent in Frameworks */,
			);
			runOnlyForDeploymentPostprocessing = 0;
		};
		6E4DCB982F3F2280005C9326 /* Frameworks */ = {
			isa = PBXFrameworksBuildPhase;
			buildActionMask = 2147483647;
			files = (
			);
			runOnlyForDeploymentPostprocessing = 0;
		};
		6E7467D52E7F17FE00A3ABD9 /* Frameworks */ = {
			isa = PBXFrameworksBuildPhase;
			buildActionMask = 2147483647;
			files = (
				6E435A652EA521C900D97180 /* FirebaseAnalytics in Frameworks */,
				6E435A692EA521C900D97180 /* FirebaseFirestore in Frameworks */,
				6E435A6B2EA521C900D97180 /* FirebaseMessaging in Frameworks */,
				6E435A672EA521C900D97180 /* FirebaseAuth in Frameworks */,
				6E435A632EA521C900D97180 /* FirebaseAI in Frameworks */,
			);
			runOnlyForDeploymentPostprocessing = 0;
		};
		6EC7D87F2F3B3BAB00DBFEEC /* Frameworks */ = {
			isa = PBXFrameworksBuildPhase;
			buildActionMask = 2147483647;
			files = (
			);
			runOnlyForDeploymentPostprocessing = 0;
		};
		6EE631D82F3F24FA00B68E3A /* Frameworks */ = {
			isa = PBXFrameworksBuildPhase;
			buildActionMask = 2147483647;
			files = (
			);
			runOnlyForDeploymentPostprocessing = 0;
		};
		6EE631E72F3F24FB00B68E3A /* Frameworks */ = {
			isa = PBXFrameworksBuildPhase;
			buildActionMask = 2147483647;
			files = (
			);
			runOnlyForDeploymentPostprocessing = 0;
		};
		6EE631F12F3F24FC00B68E3A /* Frameworks */ = {
			isa = PBXFrameworksBuildPhase;
			buildActionMask = 2147483647;
			files = (
			);
			runOnlyForDeploymentPostprocessing = 0;
		};
/* End PBXFrameworksBuildPhase section */

/* Begin PBXGroup section */
		6E4DCB8C2F3F227F005C9326 /* Packages */ = {
			isa = PBXGroup;
			children = (
				6E4DCB8D2F3F227F005C9326 /* RealityKitContent */,
			);
			path = Packages;
			sourceTree = "<group>";
		};
		6E7467CF2E7F17FE00A3ABD9 = {
			isa = PBXGroup;
			children = (
				6E7467DA2E7F17FE00A3ABD9 /* TicTacToePro */,
				6EC7D8832F3B3BAB00DBFEEC /* TicTacToeProUITests */,
				6E4DCB8B2F3F227F005C9326 /* TicTacToePro-VisionOS */,
				6E4DCB8C2F3F227F005C9326 /* Packages */,
				6E4DCB9E2F3F2280005C9326 /* TicTacToePro-VisionOSTests */,
				6EE631DF2F3F24FA00B68E3A /* TicTacToePro-WatchOS Watch App */,
				6EE631ED2F3F24FB00B68E3A /* TicTacToePro-WatchOS Watch AppTests */,
				6EE631F72F3F24FC00B68E3A /* TicTacToePro-WatchOS Watch AppUITests */,
				6E7467D92E7F17FE00A3ABD9 /* Products */,
			);
			sourceTree = "<group>";
		};
		6E7467D92E7F17FE00A3ABD9 /* Products */ = {
			isa = PBXGroup;
			children = (
				6E7467D82E7F17FE00A3ABD9 /* TicTacToePro.app */,
				6EC7D8822F3B3BAB00DBFEEC /* TicTacToeProUITests.xctest */,
				6E4DCB8A2F3F227F005C9326 /* TicTacToePro-VisionOS.app */,
				6E4DCB9B2F3F2280005C9326 /* TicTacToePro-VisionOSTests.xctest */,
				6EE631DB2F3F24FA00B68E3A /* TicTacToePro-WatchOS Watch App.app */,
				6EE631EA2F3F24FB00B68E3A /* TicTacToePro-WatchOS Watch AppTests.xctest */,
				6EE631F42F3F24FC00B68E3A /* TicTacToePro-WatchOS Watch AppUITests.xctest */,
			);
			name = Products;
			sourceTree = "<group>";
		};
/* End PBXGroup section */

/* Begin PBXNativeTarget section */
		6E4DCB892F3F227F005C9326 /* TicTacToePro-VisionOS */ = {
			isa = PBXNativeTarget;
			buildConfigurationList = 6E4DCBA62F3F2280005C9326 /* Build configuration list for PBXNativeTarget "TicTacToePro-VisionOS" */;
			buildPhases = (
				6E4DCB862F3F227F005C9326 /* Sources */,
				6E4DCB872F3F227F005C9326 /* Frameworks */,
				6E4DCB882F3F227F005C9326 /* Resources */,
			);
			buildRules = (
			);
			dependencies = (
			);
			fileSystemSynchronizedGroups = (
				6E4DCB8B2F3F227F005C9326 /* TicTacToePro-VisionOS */,
			);
			name = "TicTacToePro-VisionOS";
			packageProductDependencies = (
				6E4DCB8E2F3F227F005C9326 /* RealityKitContent */,
			);
			productName = "TicTacToePro-VisionOS";
			productReference = 6E4DCB8A2F3F227F005C9326 /* TicTacToePro-VisionOS.app */;
			productType = "com.apple.product-type.application";
		};
		6E4DCB9A2F3F2280005C9326 /* TicTacToePro-VisionOSTests */ = {
			isa = PBXNativeTarget;
			buildConfigurationList = 6E4DCBA72F3F2280005C9326 /* Build configuration list for PBXNativeTarget "TicTacToePro-VisionOSTests" */;
			buildPhases = (
				6E4DCB972F3F2280005C9326 /* Sources */,
				6E4DCB982F3F2280005C9326 /* Frameworks */,
				6E4DCB992F3F2280005C9326 /* Resources */,
			);
			buildRules = (
			);
			dependencies = (
				6E4DCB9D2F3F2280005C9326 /* PBXTargetDependency */,
			);
			fileSystemSynchronizedGroups = (
				6E4DCB9E2F3F2280005C9326 /* TicTacToePro-VisionOSTests */,
			);
			name = "TicTacToePro-VisionOSTests";
			packageProductDependencies = (
			);
			productName = "TicTacToePro-VisionOSTests";
			productReference = 6E4DCB9B2F3F2280005C9326 /* TicTacToePro-VisionOSTests.xctest */;
			productType = "com.apple.product-type.bundle.unit-test";
		};
		6E7467D72E7F17FE00A3ABD9 /* TicTacToePro */ = {
			isa = PBXNativeTarget;
			buildConfigurationList = 6E7467E32E7F17FF00A3ABD9 /* Build configuration list for PBXNativeTarget "TicTacToePro" */;
			buildPhases = (
				6E7467D42E7F17FE00A3ABD9 /* Sources */,
				6E7467D52E7F17FE00A3ABD9 /* Frameworks */,
				6E7467D62E7F17FE00A3ABD9 /* Resources */,
				6EC456902ED9E3380093AFCC /* Embed Watch Content */,
			);
			buildRules = (
			);
			dependencies = (
			);
			fileSystemSynchronizedGroups = (
				6E7467DA2E7F17FE00A3ABD9 /* TicTacToePro */,
			);
			name = TicTacToePro;
			packageProductDependencies = (
				6E435A622EA521C900D97180 /* FirebaseAI */,
				6E435A642EA521C900D97180 /* FirebaseAnalytics */,
				6E435A662EA521C900D97180 /* FirebaseAuth */,
				6E435A682EA521C900D97180 /* FirebaseFirestore */,
				6E435A6A2EA521C900D97180 /* FirebaseMessaging */,
			);
			productName = TicTacToePro;
			productReference = 6E7467D82E7F17FE00A3ABD9 /* TicTacToePro.app */;
			productType = "com.apple.product-type.application";
		};
		6EC7D8812F3B3BAB00DBFEEC /* TicTacToeProUITests */ = {
			isa = PBXNativeTarget;
			buildConfigurationList = 6EC7D88C2F3B3BAB00DBFEEC /* Build configuration list for PBXNativeTarget "TicTacToeProUITests" */;
			buildPhases = (
				6EC7D87E2F3B3BAB00DBFEEC /* Sources */,
				6EC7D87F2F3B3BAB00DBFEEC /* Frameworks */,
				6EC7D8802F3B3BAB00DBFEEC /* Resources */,
			);
			buildRules = (
			);
			dependencies = (
				6EC7D8892F3B3BAB00DBFEEC /* PBXTargetDependency */,
			);
			fileSystemSynchronizedGroups = (
				6EC7D8832F3B3BAB00DBFEEC /* TicTacToeProUITests */,
			);
			name = TicTacToeProUITests;
			packageProductDependencies = (
			);
			productName = TicTacToeProUITests;
			productReference = 6EC7D8822F3B3BAB00DBFEEC /* TicTacToeProUITests.xctest */;
			productType = "com.apple.product-type.bundle.ui-testing";
		};
		6EE631DA2F3F24FA00B68E3A /* TicTacToePro-WatchOS Watch App */ = {
			isa = PBXNativeTarget;
			buildConfigurationList = 6EE631FC2F3F24FC00B68E3A /* Build configuration list for PBXNativeTarget "TicTacToePro-WatchOS Watch App" */;
			buildPhases = (
				6EE631D72F3F24FA00B68E3A /* Sources */,
				6EE631D82F3F24FA00B68E3A /* Frameworks */,
				6EE631D92F3F24FA00B68E3A /* Resources */,
			);
			buildRules = (
			);
			dependencies = (
			);
			fileSystemSynchronizedGroups = (
				6EE631DF2F3F24FA00B68E3A /* TicTacToePro-WatchOS Watch App */,
			);
			name = "TicTacToePro-WatchOS Watch App";
			packageProductDependencies = (
			);
			productName = "TicTacToePro-WatchOS Watch App";
			productReference = 6EE631DB2F3F24FA00B68E3A /* TicTacToePro-WatchOS Watch App.app */;
			productType = "com.apple.product-type.application";
		};
		6EE631E92F3F24FB00B68E3A /* TicTacToePro-WatchOS Watch AppTests */ = {
			isa = PBXNativeTarget;
			buildConfigurationList = 6EE632092F3F24FC00B68E3A /* Build configuration list for PBXNativeTarget "TicTacToePro-WatchOS Watch AppTests" */;
			buildPhases = (
				6EE631E62F3F24FB00B68E3A /* Sources */,
				6EE631E72F3F24FB00B68E3A /* Frameworks */,
				6EE631E82F3F24FB00B68E3A /* Resources */,
			);
			buildRules = (
			);
			dependencies = (
				6EE631EC2F3F24FB00B68E3A /* PBXTargetDependency */,
			);
			fileSystemSynchronizedGroups = (
				6EE631ED2F3F24FB00B68E3A /* TicTacToePro-WatchOS Watch AppTests */,
			);
			name = "TicTacToePro-WatchOS Watch AppTests";
			packageProductDependencies = (
			);
			productName = "TicTacToePro-WatchOS Watch AppTests";
			productReference = 6EE631EA2F3F24FB00B68E3A /* TicTacToePro-WatchOS Watch AppTests.xctest */;
			productType = "com.apple.product-type.bundle.unit-test";
		};
		6EE631F32F3F24FC00B68E3A /* TicTacToePro-WatchOS Watch AppUITests */ = {
			isa = PBXNativeTarget;
			buildConfigurationList = 6EE6320C2F3F24FC00B68E3A /* Build configuration list for PBXNativeTarget "TicTacToePro-WatchOS Watch AppUITests" */;
			buildPhases = (
				6EE631F02F3F24FC00B68E3A /* Sources */,
				6EE631F12F3F24FC00B68E3A /* Frameworks */,
				6EE631F22F3F24FC00B68E3A /* Resources */,
			);
			buildRules = (
			);
			dependencies = (
				6EE631F62F3F24FC00B68E3A /* PBXTargetDependency */,
			);
			fileSystemSynchronizedGroups = (
				6EE631F72F3F24FC00B68E3A /* TicTacToePro-WatchOS Watch AppUITests */,
			);
			name = "TicTacToePro-WatchOS Watch AppUITests";
			packageProductDependencies = (
			);
			productName = "TicTacToePro-WatchOS Watch AppUITests";
			productReference = 6EE631F42F3F24FC00B68E3A /* TicTacToePro-WatchOS Watch AppUITests.xctest */;
			productType = "com.apple.product-type.bundle.ui-testing";
		};
/* End PBXNativeTarget section */

/* Begin PBXProject section */
		6E7467D02E7F17FE00A3ABD9 /* Project object */ = {
			isa = PBXProject;
			attributes = {
				BuildIndependentTargetsInParallel = 1;
				LastSwiftUpdateCheck = 2620;
				LastUpgradeCheck = 2620;
				TargetAttributes = {
					6E4DCB892F3F227F005C9326 = {
						CreatedOnToolsVersion = 26.2;
					};
					6E4DCB9A2F3F2280005C9326 = {
						CreatedOnToolsVersion = 26.2;
						TestTargetID = 6E4DCB892F3F227F005C9326;
					};
					6E7467D72E7F17FE00A3ABD9 = {
						CreatedOnToolsVersion = 26.0;
					};
					6EC7D8812F3B3BAB00DBFEEC = {
						CreatedOnToolsVersion = 26.2;
						TestTargetID = 6E7467D72E7F17FE00A3ABD9;
					};
					6EE631DA2F3F24FA00B68E3A = {
						CreatedOnToolsVersion = 26.2;
					};
					6EE631E92F3F24FB00B68E3A = {
						CreatedOnToolsVersion = 26.2;
						TestTargetID = 6EE631DA2F3F24FA00B68E3A;
					};
					6EE631F32F3F24FC00B68E3A = {
						CreatedOnToolsVersion = 26.2;
						TestTargetID = 6EE631DA2F3F24FA00B68E3A;
					};
				};
			};
			buildConfigurationList = 6E7467D32E7F17FE00A3ABD9 /* Build configuration list for PBXProject "TicTacToePro" */;
			developmentRegion = en;
			hasScannedForEncodings = 0;
			knownRegions = (
				en,
				Base,
				ar,
				de,
				fr,
				ko,
				ru,
				es,
				"uz-UZ",
				tr,
				ja,
				sv,
				uk,
			);
			mainGroup = 6E7467CF2E7F17FE00A3ABD9;
			minimizedProjectReferenceProxies = 1;
			packageReferences = (
				6E435A612EA521C900D97180 /* XCRemoteSwiftPackageReference "firebase-ios-sdk" */,
			);
			preferredProjectObjectVersion = 77;
			productRefGroup = 6E7467D92E7F17FE00A3ABD9 /* Products */;
			projectDirPath = "";
			projectRoot = "";
			targets = (
				6E7467D72E7F17FE00A3ABD9 /* TicTacToePro */,
				6EC7D8812F3B3BAB00DBFEEC /* TicTacToeProUITests */,
				6E4DCB892F3F227F005C9326 /* TicTacToePro-VisionOS */,
				6E4DCB9A2F3F2280005C9326 /* TicTacToePro-VisionOSTests */,
				6EE631DA2F3F24FA00B68E3A /* TicTacToePro-WatchOS Watch App */,
				6EE631E92F3F24FB00B68E3A /* TicTacToePro-WatchOS Watch AppTests */,
				6EE631F32F3F24FC00B68E3A /* TicTacToePro-WatchOS Watch AppUITests */,
			);
		};
/* End PBXProject section */

/* Begin PBXResourcesBuildPhase section */
		6E4DCB882F3F227F005C9326 /* Resources */ = {
			isa = PBXResourcesBuildPhase;
			buildActionMask = 2147483647;
			files = (
			);
			runOnlyForDeploymentPostprocessing = 0;
		};
		6E4DCB992F3F2280005C9326 /* Resources */ = {
			isa = PBXResourcesBuildPhase;
			buildActionMask = 2147483647;
			files = (
			);
			runOnlyForDeploymentPostprocessing = 0;
		};
		6E7467D62E7F17FE00A3ABD9 /* Resources */ = {
			isa = PBXResourcesBuildPhase;
			buildActionMask = 2147483647;
			files = (
			);
			runOnlyForDeploymentPostprocessing = 0;
		};
		6EC7D8802F3B3BAB00DBFEEC /* Resources */ = {
			isa = PBXResourcesBuildPhase;
			buildActionMask = 2147483647;
			files = (
			);
			runOnlyForDeploymentPostprocessing = 0;
		};
		6EE631D92F3F24FA00B68E3A /* Resources */ = {
			isa = PBXResourcesBuildPhase;
			buildActionMask = 2147483647;
			files = (
			);
			runOnlyForDeploymentPostprocessing = 0;
		};
		6EE631E82F3F24FB00B68E3A /* Resources */ = {
			isa = PBXResourcesBuildPhase;
			buildActionMask = 2147483647;
			files = (
			);
			runOnlyForDeploymentPostprocessing = 0;
		};
		6EE631F22F3F24FC00B68E3A /* Resources */ = {
			isa = PBXResourcesBuildPhase;
			buildActionMask = 2147483647;
			files = (
			);
			runOnlyForDeploymentPostprocessing = 0;
		};
/* End PBXResourcesBuildPhase section */

/* Begin PBXSourcesBuildPhase section */
		6E4DCB862F3F227F005C9326 /* Sources */ = {
			isa = PBXSourcesBuildPhase;
			buildActionMask = 2147483647;
			files = (
			);
			runOnlyForDeploymentPostprocessing = 0;
		};
		6E4DCB972F3F2280005C9326 /* Sources */ = {
			isa = PBXSourcesBuildPhase;
			buildActionMask = 2147483647;
			files = (
			);
			runOnlyForDeploymentPostprocessing = 0;
		};
		6E7467D42E7F17FE00A3ABD9 /* Sources */ = {
			isa = PBXSourcesBuildPhase;
			buildActionMask = 2147483647;
			files = (
			);
			runOnlyForDeploymentPostprocessing = 0;
		};
		6EC7D87E2F3B3BAB00DBFEEC /* Sources */ = {
			isa = PBXSourcesBuildPhase;
			buildActionMask = 2147483647;
			files = (
			);
			runOnlyForDeploymentPostprocessing = 0;
		};
		6EE631D72F3F24FA00B68E3A /* Sources */ = {
			isa = PBXSourcesBuildPhase;
			buildActionMask = 2147483647;
			files = (
			);
			runOnlyForDeploymentPostprocessing = 0;
		};
		6EE631E62F3F24FB00B68E3A /* Sources */ = {
			isa = PBXSourcesBuildPhase;
			buildActionMask = 2147483647;
			files = (
			);
			runOnlyForDeploymentPostprocessing = 0;
		};
		6EE631F02F3F24FC00B68E3A /* Sources */ = {
			isa = PBXSourcesBuildPhase;
			buildActionMask = 2147483647;
			files = (
			);
			runOnlyForDeploymentPostprocessing = 0;
		};
/* End PBXSourcesBuildPhase section */

/* Begin PBXTargetDependency section */
		6E4DCB9D2F3F2280005C9326 /* PBXTargetDependency */ = {
			isa = PBXTargetDependency;
			target = 6E4DCB892F3F227F005C9326 /* TicTacToePro-VisionOS */;
			targetProxy = 6E4DCB9C2F3F2280005C9326 /* PBXContainerItemProxy */;
		};
		6EC7D8892F3B3BAB00DBFEEC /* PBXTargetDependency */ = {
			isa = PBXTargetDependency;
			target = 6E7467D72E7F17FE00A3ABD9 /* TicTacToePro */;
			targetProxy = 6EC7D8882F3B3BAB00DBFEEC /* PBXContainerItemProxy */;
		};
		6EE631EC2F3F24FB00B68E3A /* PBXTargetDependency */ = {
			isa = PBXTargetDependency;
			target = 6EE631DA2F3F24FA00B68E3A /* TicTacToePro-WatchOS Watch App */;
			targetProxy = 6EE631EB2F3F24FB00B68E3A /* PBXContainerItemProxy */;
		};
		6EE631F62F3F24FC00B68E3A /* PBXTargetDependency */ = {
			isa = PBXTargetDependency;
			target = 6EE631DA2F3F24FA00B68E3A /* TicTacToePro-WatchOS Watch App */;
			targetProxy = 6EE631F52F3F24FC00B68E3A /* PBXContainerItemProxy */;
		};
/* End PBXTargetDependency section */

/* Begin XCBuildConfiguration section */
		6E4DCBA12F3F2280005C9326 /* Debug */ = {
			isa = XCBuildConfiguration;
			buildSettings = {
				ASSETCATALOG_COMPILER_APPICON_NAME = AppIcon;
				ASSETCATALOG_COMPILER_GLOBAL_ACCENT_COLOR_NAME = AccentColor;
				CODE_SIGN_STYLE = Automatic;
				CURRENT_PROJECT_VERSION = 1;
				DEVELOPMENT_TEAM = 62JGKCCD59;
				ENABLE_PREVIEWS = YES;
				GENERATE_INFOPLIST_FILE = YES;
				INFOPLIST_FILE = "$(TARGET_NAME)/Info.plist";
				LD_RUNPATH_SEARCH_PATHS = (
					"$(inherited)",
					"@executable_path/Frameworks",
				);
				MARKETING_VERSION = 1.0;
				PRODUCT_BUNDLE_IDENTIFIER = "com.avarageDeveloper.TicTacToePro-VisionOS";
				PRODUCT_NAME = "$(TARGET_NAME)";
				SDKROOT = xros;
				STRING_CATALOG_GENERATE_SYMBOLS = YES;
				SUPPORTED_PLATFORMS = "xros xrsimulator";
				SWIFT_APPROACHABLE_CONCURRENCY = YES;
				SWIFT_DEFAULT_ACTOR_ISOLATION = MainActor;
				SWIFT_EMIT_LOC_STRINGS = YES;
				SWIFT_UPCOMING_FEATURE_MEMBER_IMPORT_VISIBILITY = YES;
				SWIFT_VERSION = 5.0;
				TARGETED_DEVICE_FAMILY = 7;
				XROS_DEPLOYMENT_TARGET = 26.2;
			};
			name = Debug;
		};
		6E4DCBA22F3F2280005C9326 /* Release */ = {
			isa = XCBuildConfiguration;
			buildSettings = {
				ASSETCATALOG_COMPILER_APPICON_NAME = AppIcon;
				ASSETCATALOG_COMPILER_GLOBAL_ACCENT_COLOR_NAME = AccentColor;
				CODE_SIGN_STYLE = Automatic;
				CURRENT_PROJECT_VERSION = 1;
				DEVELOPMENT_TEAM = 62JGKCCD59;
				ENABLE_PREVIEWS = YES;
				GENERATE_INFOPLIST_FILE = YES;
				INFOPLIST_FILE = "$(TARGET_NAME)/Info.plist";
				LD_RUNPATH_SEARCH_PATHS = (
					"$(inherited)",
					"@executable_path/Frameworks",
				);
				MARKETING_VERSION = 1.0;
				PRODUCT_BUNDLE_IDENTIFIER = "com.avarageDeveloper.TicTacToePro-VisionOS";
				PRODUCT_NAME = "$(TARGET_NAME)";
				SDKROOT = xros;
				STRING_CATALOG_GENERATE_SYMBOLS = YES;
				SUPPORTED_PLATFORMS = "xros xrsimulator";
				SWIFT_APPROACHABLE_CONCURRENCY = YES;
				SWIFT_DEFAULT_ACTOR_ISOLATION = MainActor;
				SWIFT_EMIT_LOC_STRINGS = YES;
				SWIFT_UPCOMING_FEATURE_MEMBER_IMPORT_VISIBILITY = YES;
				SWIFT_VERSION = 5.0;
				TARGETED_DEVICE_FAMILY = 7;
				VALIDATE_PRODUCT = YES;
				XROS_DEPLOYMENT_TARGET = 26.2;
			};
			name = Release;
		};
		6E4DCBA32F3F2280005C9326 /* Debug */ = {
			isa = XCBuildConfiguration;
			buildSettings = {
				BUNDLE_LOADER = "$(TEST_HOST)";
				CODE_SIGN_STYLE = Automatic;
				CURRENT_PROJECT_VERSION = 1;
				DEVELOPMENT_TEAM = 62JGKCCD59;
				GENERATE_INFOPLIST_FILE = YES;
				MARKETING_VERSION = 1.0;
				PRODUCT_BUNDLE_IDENTIFIER = "com.avarageDeveloper.TicTacToePro-VisionOSTests";
				PRODUCT_NAME = "$(TARGET_NAME)";
				SDKROOT = xros;
				STRING_CATALOG_GENERATE_SYMBOLS = NO;
				SUPPORTED_PLATFORMS = "xros xrsimulator";
				SWIFT_APPROACHABLE_CONCURRENCY = YES;
				SWIFT_EMIT_LOC_STRINGS = NO;
				SWIFT_UPCOMING_FEATURE_MEMBER_IMPORT_VISIBILITY = YES;
				SWIFT_VERSION = 5.0;
				TARGETED_DEVICE_FAMILY = 7;
				TEST_HOST = "$(BUILT_PRODUCTS_DIR)/TicTacToePro-VisionOS.app/$(BUNDLE_EXECUTABLE_FOLDER_PATH)/TicTacToePro-VisionOS";
				XROS_DEPLOYMENT_TARGET = 26.2;
			};
			name = Debug;
		};
		6E4DCBA42F3F2280005C9326 /* Release */ = {
			isa = XCBuildConfiguration;
			buildSettings = {
				BUNDLE_LOADER = "$(TEST_HOST)";
				CODE_SIGN_STYLE = Automatic;
				CURRENT_PROJECT_VERSION = 1;
				DEVELOPMENT_TEAM = 62JGKCCD59;
				GENERATE_INFOPLIST_FILE = YES;
				MARKETING_VERSION = 1.0;
				PRODUCT_BUNDLE_IDENTIFIER = "com.avarageDeveloper.TicTacToePro-VisionOSTests";
				PRODUCT_NAME = "$(TARGET_NAME)";
				SDKROOT = xros;
				STRING_CATALOG_GENERATE_SYMBOLS = NO;
				SUPPORTED_PLATFORMS = "xros xrsimulator";
				SWIFT_APPROACHABLE_CONCURRENCY = YES;
				SWIFT_EMIT_LOC_STRINGS = NO;
				SWIFT_UPCOMING_FEATURE_MEMBER_IMPORT_VISIBILITY = YES;
				SWIFT_VERSION = 5.0;
				TARGETED_DEVICE_FAMILY = 7;
				TEST_HOST = "$(BUILT_PRODUCTS_DIR)/TicTacToePro-VisionOS.app/$(BUNDLE_EXECUTABLE_FOLDER_PATH)/TicTacToePro-VisionOS";
				VALIDATE_PRODUCT = YES;
				XROS_DEPLOYMENT_TARGET = 26.2;
			};
			name = Release;
		};
		6E7467E12E7F17FF00A3ABD9 /* Debug */ = {
			isa = XCBuildConfiguration;
			buildSettings = {
				ALWAYS_SEARCH_USER_PATHS = NO;
				ASSETCATALOG_COMPILER_GENERATE_SWIFT_ASSET_SYMBOL_EXTENSIONS = YES;
				CLANG_ANALYZER_LOCALIZABILITY_NONLOCALIZED = YES;
				CLANG_ANALYZER_NONNULL = YES;
				CLANG_ANALYZER_NUMBER_OBJECT_CONVERSION = YES_AGGRESSIVE;
				CLANG_CXX_LANGUAGE_STANDARD = "gnu++20";
				CLANG_ENABLE_MODULES = YES;
				CLANG_ENABLE_OBJC_ARC = YES;
				CLANG_ENABLE_OBJC_WEAK = YES;
				CLANG_WARN_BLOCK_CAPTURE_AUTORELEASING = YES;
				CLANG_WARN_BOOL_CONVERSION = YES;
				CLANG_WARN_COMMA = YES;
				CLANG_WARN_CONSTANT_CONVERSION = YES;
				CLANG_WARN_DEPRECATED_OBJC_IMPLEMENTATIONS = YES;
				CLANG_WARN_DIRECT_OBJC_ISA_USAGE = YES_ERROR;
				CLANG_WARN_DOCUMENTATION_COMMENTS = YES;
				CLANG_WARN_EMPTY_BODY = YES;
				CLANG_WARN_ENUM_CONVERSION = YES;
				CLANG_WARN_INFINITE_RECURSION = YES;
				CLANG_WARN_INT_CONVERSION = YES;
				CLANG_WARN_NON_LITERAL_NULL_CONVERSION = YES;
				CLANG_WARN_OBJC_IMPLICIT_RETAIN_SELF = YES;
				CLANG_WARN_OBJC_LITERAL_CONVERSION = YES;
				CLANG_WARN_OBJC_ROOT_CLASS = YES_ERROR;
				CLANG_WARN_QUOTED_INCLUDE_IN_FRAMEWORK_HEADER = YES;
				CLANG_WARN_RANGE_LOOP_ANALYSIS = YES;
				CLANG_WARN_STRICT_PROTOTYPES = YES;
				CLANG_WARN_SUSPICIOUS_MOVE = YES;
				CLANG_WARN_UNGUARDED_AVAILABILITY = YES_AGGRESSIVE;
				CLANG_WARN_UNREACHABLE_CODE = YES;
				CLANG_WARN__DUPLICATE_METHOD_MATCH = YES;
				COPY_PHASE_STRIP = NO;
				DEAD_CODE_STRIPPING = YES;
				DEBUG_INFORMATION_FORMAT = dwarf;
				DEVELOPMENT_TEAM = 62JGKCCD59;
				ENABLE_STRICT_OBJC_MSGSEND = YES;
				ENABLE_TESTABILITY = YES;
				ENABLE_USER_SCRIPT_SANDBOXING = YES;
				GCC_C_LANGUAGE_STANDARD = gnu17;
				GCC_DYNAMIC_NO_PIC = NO;
				GCC_NO_COMMON_BLOCKS = YES;
				GCC_OPTIMIZATION_LEVEL = 0;
				GCC_PREPROCESSOR_DEFINITIONS = (
					"DEBUG=1",
					"$(inherited)",
				);
				GCC_WARN_64_TO_32_BIT_CONVERSION = YES;
				GCC_WARN_ABOUT_RETURN_TYPE = YES_ERROR;
				GCC_WARN_UNDECLARED_SELECTOR = YES;
				GCC_WARN_UNINITIALIZED_AUTOS = YES_AGGRESSIVE;
				GCC_WARN_UNUSED_FUNCTION = YES;
				GCC_WARN_UNUSED_VARIABLE = YES;
				LOCALIZATION_PREFERS_STRING_CATALOGS = YES;
				MTL_ENABLE_DEBUG_INFO = INCLUDE_SOURCE;
				MTL_FAST_MATH = YES;
				ONLY_ACTIVE_ARCH = YES;
				STRING_CATALOG_GENERATE_SYMBOLS = YES;
				SWIFT_ACTIVE_COMPILATION_CONDITIONS = "DEBUG $(inherited)";
				SWIFT_EMIT_LOC_STRINGS = YES;
				SWIFT_OPTIMIZATION_LEVEL = "-Onone";
			};
			name = Debug;
		};
		6E7467E22E7F17FF00A3ABD9 /* Release */ = {
			isa = XCBuildConfiguration;
			buildSettings = {
				ALWAYS_SEARCH_USER_PATHS = NO;
				ASSETCATALOG_COMPILER_GENERATE_SWIFT_ASSET_SYMBOL_EXTENSIONS = YES;
				CLANG_ANALYZER_LOCALIZABILITY_NONLOCALIZED = YES;
				CLANG_ANALYZER_NONNULL = YES;
				CLANG_ANALYZER_NUMBER_OBJECT_CONVERSION = YES_AGGRESSIVE;
				CLANG_CXX_LANGUAGE_STANDARD = "gnu++20";
				CLANG_ENABLE_MODULES = YES;
				CLANG_ENABLE_OBJC_ARC = YES;
				CLANG_ENABLE_OBJC_WEAK = YES;
				CLANG_WARN_BLOCK_CAPTURE_AUTORELEASING = YES;
				CLANG_WARN_BOOL_CONVERSION = YES;
				CLANG_WARN_COMMA = YES;
				CLANG_WARN_CONSTANT_CONVERSION = YES;
				CLANG_WARN_DEPRECATED_OBJC_IMPLEMENTATIONS = YES;
				CLANG_WARN_DIRECT_OBJC_ISA_USAGE = YES_ERROR;
				CLANG_WARN_DOCUMENTATION_COMMENTS = YES;
				CLANG_WARN_EMPTY_BODY = YES;
				CLANG_WARN_ENUM_CONVERSION = YES;
				CLANG_WARN_INFINITE_RECURSION = YES;
				CLANG_WARN_INT_CONVERSION = YES;
				CLANG_WARN_NON_LITERAL_NULL_CONVERSION = YES;
				CLANG_WARN_OBJC_IMPLICIT_RETAIN_SELF = YES;
				CLANG_WARN_OBJC_LITERAL_CONVERSION = YES;
				CLANG_WARN_OBJC_ROOT_CLASS = YES_ERROR;
				CLANG_WARN_QUOTED_INCLUDE_IN_FRAMEWORK_HEADER = YES;
				CLANG_WARN_RANGE_LOOP_ANALYSIS = YES;
				CLANG_WARN_STRICT_PROTOTYPES = YES;
				CLANG_WARN_SUSPICIOUS_MOVE = YES;
				CLANG_WARN_UNGUARDED_AVAILABILITY = YES_AGGRESSIVE;
				CLANG_WARN_UNREACHABLE_CODE = YES;
				CLANG_WARN__DUPLICATE_METHOD_MATCH = YES;
				COPY_PHASE_STRIP = NO;
				DEAD_CODE_STRIPPING = YES;
				DEBUG_INFORMATION_FORMAT = "dwarf-with-dsym";
				DEVELOPMENT_TEAM = 62JGKCCD59;
				ENABLE_NS_ASSERTIONS = NO;
				ENABLE_STRICT_OBJC_MSGSEND = YES;
				ENABLE_USER_SCRIPT_SANDBOXING = YES;
				GCC_C_LANGUAGE_STANDARD = gnu17;
				GCC_NO_COMMON_BLOCKS = YES;
				GCC_WARN_64_TO_32_BIT_CONVERSION = YES;
				GCC_WARN_ABOUT_RETURN_TYPE = YES_ERROR;
				GCC_WARN_UNDECLARED_SELECTOR = YES;
				GCC_WARN_UNINITIALIZED_AUTOS = YES_AGGRESSIVE;
				GCC_WARN_UNUSED_FUNCTION = YES;
				GCC_WARN_UNUSED_VARIABLE = YES;
				LOCALIZATION_PREFERS_STRING_CATALOGS = YES;
				MTL_ENABLE_DEBUG_INFO = NO;
				MTL_FAST_MATH = YES;
				STRING_CATALOG_GENERATE_SYMBOLS = YES;
				SWIFT_COMPILATION_MODE = wholemodule;
				SWIFT_EMIT_LOC_STRINGS = YES;
			};
			name = Release;
		};
		6E7467E42E7F17FF00A3ABD9 /* Debug */ = {
			isa = XCBuildConfiguration;
			buildSettings = {
				ASSETCATALOG_COMPILER_APPICON_NAME = AppIcon;
				ASSETCATALOG_COMPILER_GLOBAL_ACCENT_COLOR_NAME = AccentColor;
				ASSETCATALOG_COMPILER_INCLUDE_ALL_APPICON_ASSETS = NO;
				CODE_SIGN_IDENTITY = "Apple Development";
				CODE_SIGN_STYLE = Automatic;
				CURRENT_PROJECT_VERSION = 1;
				DEAD_CODE_STRIPPING = YES;
				DEVELOPMENT_TEAM = 62JGKCCD59;
				ENABLE_APP_SANDBOX = YES;
				ENABLE_HARDENED_RUNTIME = YES;
				ENABLE_OUTGOING_NETWORK_CONNECTIONS = YES;
				ENABLE_PREVIEWS = YES;
				ENABLE_USER_SELECTED_FILES = readonly;
				GENERATE_INFOPLIST_FILE = YES;
				INFOPLIST_FILE = TicTacToePro/Info.plist;
				INFOPLIST_KEY_CFBundleDisplayName = "Tic Tac Pro";
				INFOPLIST_KEY_LSApplicationCategoryType = "public.app-category.board-games";
				"INFOPLIST_KEY_UIApplicationSceneManifest_Generation[sdk=iphoneos*]" = YES;
				"INFOPLIST_KEY_UIApplicationSceneManifest_Generation[sdk=iphonesimulator*]" = YES;
				"INFOPLIST_KEY_UIApplicationSupportsIndirectInputEvents[sdk=iphoneos*]" = YES;
				"INFOPLIST_KEY_UIApplicationSupportsIndirectInputEvents[sdk=iphonesimulator*]" = YES;
				"INFOPLIST_KEY_UILaunchScreen_Generation[sdk=iphoneos*]" = YES;
				"INFOPLIST_KEY_UILaunchScreen_Generation[sdk=iphonesimulator*]" = YES;
				INFOPLIST_KEY_UILaunchStoryboardName = "Launch Screen";
				"INFOPLIST_KEY_UIStatusBarStyle[sdk=iphoneos*]" = UIStatusBarStyleDefault;
				"INFOPLIST_KEY_UIStatusBarStyle[sdk=iphonesimulator*]" = UIStatusBarStyleDefault;
				INFOPLIST_KEY_UISupportedInterfaceOrientations_iPad = "UIInterfaceOrientationPortrait UIInterfaceOrientationPortraitUpsideDown UIInterfaceOrientationLandscapeLeft UIInterfaceOrientationLandscapeRight";
				INFOPLIST_KEY_UISupportedInterfaceOrientations_iPhone = "UIInterfaceOrientationPortrait UIInterfaceOrientationLandscapeLeft UIInterfaceOrientationLandscapeRight";
				IPHONEOS_DEPLOYMENT_TARGET = 18.0;
				LD_RUNPATH_SEARCH_PATHS = "@executable_path/Frameworks";
				"LD_RUNPATH_SEARCH_PATHS[sdk=macosx*]" = "@executable_path/../Frameworks";
				MACOSX_DEPLOYMENT_TARGET = 26.0;
				MARKETING_VERSION = 1.3.3;
				PRODUCT_BUNDLE_IDENTIFIER = com.supercoder.TicTacToePro;
				PRODUCT_NAME = "$(TARGET_NAME)";
				PROVISIONING_PROFILE_SPECIFIER = "";
				REGISTER_APP_GROUPS = YES;
				SDKROOT = auto;
				STRING_CATALOG_GENERATE_SYMBOLS = YES;
				SUPPORTED_PLATFORMS = "appletvos appletvsimulator iphoneos iphonesimulator";
				SUPPORTS_MACCATALYST = NO;
				SUPPORTS_MAC_DESIGNED_FOR_IPHONE_IPAD = YES;
				SWIFT_APPROACHABLE_CONCURRENCY = YES;
				SWIFT_DEFAULT_ACTOR_ISOLATION = MainActor;
				SWIFT_EMIT_LOC_STRINGS = YES;
				SWIFT_UPCOMING_FEATURE_MEMBER_IMPORT_VISIBILITY = YES;
				SWIFT_VERSION = 5.0;
				TARGETED_DEVICE_FAMILY = "1,2,3";
				TVOS_DEPLOYMENT_TARGET = 26.0;
				XROS_DEPLOYMENT_TARGET = 26.0;
			};
			name = Debug;
		};
		6E7467E52E7F17FF00A3ABD9 /* Release */ = {
			isa = XCBuildConfiguration;
			buildSettings = {
				ASSETCATALOG_COMPILER_APPICON_NAME = AppIcon;
				ASSETCATALOG_COMPILER_GLOBAL_ACCENT_COLOR_NAME = AccentColor;
				ASSETCATALOG_COMPILER_INCLUDE_ALL_APPICON_ASSETS = NO;
				CODE_SIGN_IDENTITY = "Apple Development";
				CODE_SIGN_STYLE = Automatic;
				CURRENT_PROJECT_VERSION = 1;
				DEAD_CODE_STRIPPING = YES;
				DEVELOPMENT_TEAM = 62JGKCCD59;
				ENABLE_APP_SANDBOX = YES;
				ENABLE_HARDENED_RUNTIME = YES;
				ENABLE_OUTGOING_NETWORK_CONNECTIONS = YES;
				ENABLE_PREVIEWS = YES;
				ENABLE_USER_SELECTED_FILES = readonly;
				GENERATE_INFOPLIST_FILE = YES;
				INFOPLIST_FILE = TicTacToePro/Info.plist;
				INFOPLIST_KEY_CFBundleDisplayName = "Tic Tac Pro";
				INFOPLIST_KEY_LSApplicationCategoryType = "public.app-category.board-games";
				"INFOPLIST_KEY_UIApplicationSceneManifest_Generation[sdk=iphoneos*]" = YES;
				"INFOPLIST_KEY_UIApplicationSceneManifest_Generation[sdk=iphonesimulator*]" = YES;
				"INFOPLIST_KEY_UIApplicationSupportsIndirectInputEvents[sdk=iphoneos*]" = YES;
				"INFOPLIST_KEY_UIApplicationSupportsIndirectInputEvents[sdk=iphonesimulator*]" = YES;
				"INFOPLIST_KEY_UILaunchScreen_Generation[sdk=iphoneos*]" = YES;
				"INFOPLIST_KEY_UILaunchScreen_Generation[sdk=iphonesimulator*]" = YES;
				INFOPLIST_KEY_UILaunchStoryboardName = "Launch Screen";
				"INFOPLIST_KEY_UIStatusBarStyle[sdk=iphoneos*]" = UIStatusBarStyleDefault;
				"INFOPLIST_KEY_UIStatusBarStyle[sdk=iphonesimulator*]" = UIStatusBarStyleDefault;
				INFOPLIST_KEY_UISupportedInterfaceOrientations_iPad = "UIInterfaceOrientationPortrait UIInterfaceOrientationPortraitUpsideDown UIInterfaceOrientationLandscapeLeft UIInterfaceOrientationLandscapeRight";
				INFOPLIST_KEY_UISupportedInterfaceOrientations_iPhone = "UIInterfaceOrientationPortrait UIInterfaceOrientationLandscapeLeft UIInterfaceOrientationLandscapeRight";
				IPHONEOS_DEPLOYMENT_TARGET = 18.0;
				LD_RUNPATH_SEARCH_PATHS = "@executable_path/Frameworks";
				"LD_RUNPATH_SEARCH_PATHS[sdk=macosx*]" = "@executable_path/../Frameworks";
				MACOSX_DEPLOYMENT_TARGET = 26.0;
				MARKETING_VERSION = 1.3.3;
				PRODUCT_BUNDLE_IDENTIFIER = com.supercoder.TicTacToePro;
				PRODUCT_NAME = "$(TARGET_NAME)";
				PROVISIONING_PROFILE_SPECIFIER = "";
				REGISTER_APP_GROUPS = YES;
				SDKROOT = auto;
				STRING_CATALOG_GENERATE_SYMBOLS = YES;
				SUPPORTED_PLATFORMS = "appletvos appletvsimulator iphoneos iphonesimulator";
				SUPPORTS_MACCATALYST = NO;
				SUPPORTS_MAC_DESIGNED_FOR_IPHONE_IPAD = YES;
				SWIFT_APPROACHABLE_CONCURRENCY = YES;
				SWIFT_DEFAULT_ACTOR_ISOLATION = MainActor;
				SWIFT_EMIT_LOC_STRINGS = YES;
				SWIFT_UPCOMING_FEATURE_MEMBER_IMPORT_VISIBILITY = YES;
				SWIFT_VERSION = 5.0;
				TARGETED_DEVICE_FAMILY = "1,2,3";
				TVOS_DEPLOYMENT_TARGET = 26.0;
				XROS_DEPLOYMENT_TARGET = 26.0;
			};
			name = Release;
		};
		6EC7D88A2F3B3BAB00DBFEEC /* Debug */ = {
			isa = XCBuildConfiguration;
			buildSettings = {
				CODE_SIGN_STYLE = Automatic;
				CURRENT_PROJECT_VERSION = 1;
				DEVELOPMENT_TEAM = 62JGKCCD59;
				GENERATE_INFOPLIST_FILE = YES;
				IPHONEOS_DEPLOYMENT_TARGET = 26.2;
				MARKETING_VERSION = 1.0;
				PRODUCT_BUNDLE_IDENTIFIER = com.avarageDeveloper.TicTacToeProUITests;
				PRODUCT_NAME = "$(TARGET_NAME)";
				SDKROOT = iphoneos;
				STRING_CATALOG_GENERATE_SYMBOLS = NO;
				SWIFT_APPROACHABLE_CONCURRENCY = YES;
				SWIFT_EMIT_LOC_STRINGS = NO;
				SWIFT_UPCOMING_FEATURE_MEMBER_IMPORT_VISIBILITY = YES;
				SWIFT_VERSION = 5.0;
				TARGETED_DEVICE_FAMILY = "1,2";
				TEST_TARGET_NAME = TicTacToePro;
			};
			name = Debug;
		};
		6EC7D88B2F3B3BAB00DBFEEC /* Release */ = {
			isa = XCBuildConfiguration;
			buildSettings = {
				CODE_SIGN_STYLE = Automatic;
				CURRENT_PROJECT_VERSION = 1;
				DEVELOPMENT_TEAM = 62JGKCCD59;
				GENERATE_INFOPLIST_FILE = YES;
				IPHONEOS_DEPLOYMENT_TARGET = 26.2;
				MARKETING_VERSION = 1.0;
				PRODUCT_BUNDLE_IDENTIFIER = com.avarageDeveloper.TicTacToeProUITests;
				PRODUCT_NAME = "$(TARGET_NAME)";
				SDKROOT = iphoneos;
				STRING_CATALOG_GENERATE_SYMBOLS = NO;
				SWIFT_APPROACHABLE_CONCURRENCY = YES;
				SWIFT_EMIT_LOC_STRINGS = NO;
				SWIFT_UPCOMING_FEATURE_MEMBER_IMPORT_VISIBILITY = YES;
				SWIFT_VERSION = 5.0;
				TARGETED_DEVICE_FAMILY = "1,2";
				TEST_TARGET_NAME = TicTacToePro;
				VALIDATE_PRODUCT = YES;
			};
			name = Release;
		};
		6EE631FD2F3F24FC00B68E3A /* Debug */ = {
			isa = XCBuildConfiguration;
			buildSettings = {
				ASSETCATALOG_COMPILER_APPICON_NAME = AppIcon;
				ASSETCATALOG_COMPILER_GLOBAL_ACCENT_COLOR_NAME = AccentColor;
				CODE_SIGN_STYLE = Automatic;
				CURRENT_PROJECT_VERSION = 1;
				DEVELOPMENT_TEAM = 62JGKCCD59;
				ENABLE_PREVIEWS = YES;
				GENERATE_INFOPLIST_FILE = YES;
				INFOPLIST_KEY_CFBundleDisplayName = "TicTacToePro-WatchOS";
				INFOPLIST_KEY_UISupportedInterfaceOrientations = "UIInterfaceOrientationPortrait UIInterfaceOrientationPortraitUpsideDown";
				INFOPLIST_KEY_WKCompanionAppBundleIdentifier = "com.avarageDeveloper.TicTacToePro-WatchOS";
				LD_RUNPATH_SEARCH_PATHS = (
					"$(inherited)",
					"@executable_path/Frameworks",
				);
				MARKETING_VERSION = 1.0;
				PRODUCT_BUNDLE_IDENTIFIER = "com.avarageDeveloper.TicTacToePro-WatchOS.watchkitapp";
				PRODUCT_NAME = "$(TARGET_NAME)";
				SDKROOT = watchos;
				SKIP_INSTALL = YES;
				STRING_CATALOG_GENERATE_SYMBOLS = YES;
				SWIFT_APPROACHABLE_CONCURRENCY = YES;
				SWIFT_DEFAULT_ACTOR_ISOLATION = MainActor;
				SWIFT_EMIT_LOC_STRINGS = YES;
				SWIFT_UPCOMING_FEATURE_MEMBER_IMPORT_VISIBILITY = YES;
				SWIFT_VERSION = 5.0;
				TARGETED_DEVICE_FAMILY = 4;
				WATCHOS_DEPLOYMENT_TARGET = 26.2;
			};
			name = Debug;
		};
		6EE631FE2F3F24FC00B68E3A /* Release */ = {
			isa = XCBuildConfiguration;
			buildSettings = {
				ASSETCATALOG_COMPILER_APPICON_NAME = AppIcon;
				ASSETCATALOG_COMPILER_GLOBAL_ACCENT_COLOR_NAME = AccentColor;
				CODE_SIGN_STYLE = Automatic;
				CURRENT_PROJECT_VERSION = 1;
				DEVELOPMENT_TEAM = 62JGKCCD59;
				ENABLE_PREVIEWS = YES;
				GENERATE_INFOPLIST_FILE = YES;
				INFOPLIST_KEY_CFBundleDisplayName = "TicTacToePro-WatchOS";
				INFOPLIST_KEY_UISupportedInterfaceOrientations = "UIInterfaceOrientationPortrait UIInterfaceOrientationPortraitUpsideDown";
				INFOPLIST_KEY_WKCompanionAppBundleIdentifier = "com.avarageDeveloper.TicTacToePro-WatchOS";
				LD_RUNPATH_SEARCH_PATHS = (
					"$(inherited)",
					"@executable_path/Frameworks",
				);
				MARKETING_VERSION = 1.0;
				PRODUCT_BUNDLE_IDENTIFIER = "com.avarageDeveloper.TicTacToePro-WatchOS.watchkitapp";
				PRODUCT_NAME = "$(TARGET_NAME)";
				SDKROOT = watchos;
				SKIP_INSTALL = YES;
				STRING_CATALOG_GENERATE_SYMBOLS = YES;
				SWIFT_APPROACHABLE_CONCURRENCY = YES;
				SWIFT_DEFAULT_ACTOR_ISOLATION = MainActor;
				SWIFT_EMIT_LOC_STRINGS = YES;
				SWIFT_UPCOMING_FEATURE_MEMBER_IMPORT_VISIBILITY = YES;
				SWIFT_VERSION = 5.0;
				TARGETED_DEVICE_FAMILY = 4;
				VALIDATE_PRODUCT = YES;
				WATCHOS_DEPLOYMENT_TARGET = 26.2;
			};
			name = Release;
		};
		6EE6320A2F3F24FC00B68E3A /* Debug */ = {
			isa = XCBuildConfiguration;
			buildSettings = {
				BUNDLE_LOADER = "$(TEST_HOST)";
				CODE_SIGN_STYLE = Automatic;
				CURRENT_PROJECT_VERSION = 1;
				DEVELOPMENT_TEAM = 62JGKCCD59;
				GENERATE_INFOPLIST_FILE = YES;
				MARKETING_VERSION = 1.0;
				PRODUCT_BUNDLE_IDENTIFIER = "com.avarageDeveloper.TicTacToePro-WatchOS-Watch-AppTests";
				PRODUCT_NAME = "$(TARGET_NAME)";
				SDKROOT = watchos;
				STRING_CATALOG_GENERATE_SYMBOLS = NO;
				SWIFT_APPROACHABLE_CONCURRENCY = YES;
				SWIFT_EMIT_LOC_STRINGS = NO;
				SWIFT_UPCOMING_FEATURE_MEMBER_IMPORT_VISIBILITY = YES;
				SWIFT_VERSION = 5.0;
				TARGETED_DEVICE_FAMILY = 4;
				TEST_HOST = "$(BUILT_PRODUCTS_DIR)/TicTacToePro-WatchOS Watch App.app/$(BUNDLE_EXECUTABLE_FOLDER_PATH)/TicTacToePro-WatchOS Watch App";
				WATCHOS_DEPLOYMENT_TARGET = 26.2;
			};
			name = Debug;
		};
		6EE6320B2F3F24FC00B68E3A /* Release */ = {
			isa = XCBuildConfiguration;
			buildSettings = {
				BUNDLE_LOADER = "$(TEST_HOST)";
				CODE_SIGN_STYLE = Automatic;
				CURRENT_PROJECT_VERSION = 1;
				DEVELOPMENT_TEAM = 62JGKCCD59;
				GENERATE_INFOPLIST_FILE = YES;
				MARKETING_VERSION = 1.0;
				PRODUCT_BUNDLE_IDENTIFIER = "com.avarageDeveloper.TicTacToePro-WatchOS-Watch-AppTests";
				PRODUCT_NAME = "$(TARGET_NAME)";
				SDKROOT = watchos;
				STRING_CATALOG_GENERATE_SYMBOLS = NO;
				SWIFT_APPROACHABLE_CONCURRENCY = YES;
				SWIFT_EMIT_LOC_STRINGS = NO;
				SWIFT_UPCOMING_FEATURE_MEMBER_IMPORT_VISIBILITY = YES;
				SWIFT_VERSION = 5.0;
				TARGETED_DEVICE_FAMILY = 4;
				TEST_HOST = "$(BUILT_PRODUCTS_DIR)/TicTacToePro-WatchOS Watch App.app/$(BUNDLE_EXECUTABLE_FOLDER_PATH)/TicTacToePro-WatchOS Watch App";
				VALIDATE_PRODUCT = YES;
				WATCHOS_DEPLOYMENT_TARGET = 26.2;
			};
			name = Release;
		};
		6EE6320D2F3F24FC00B68E3A /* Debug */ = {
			isa = XCBuildConfiguration;
			buildSettings = {
				CODE_SIGN_STYLE = Automatic;
				CURRENT_PROJECT_VERSION = 1;
				DEVELOPMENT_TEAM = 62JGKCCD59;
				GENERATE_INFOPLIST_FILE = YES;
				MARKETING_VERSION = 1.0;
				PRODUCT_BUNDLE_IDENTIFIER = "com.avarageDeveloper.TicTacToePro-WatchOS-Watch-AppUITests";
				PRODUCT_NAME = "$(TARGET_NAME)";
				SDKROOT = watchos;
				STRING_CATALOG_GENERATE_SYMBOLS = NO;
				SWIFT_APPROACHABLE_CONCURRENCY = YES;
				SWIFT_EMIT_LOC_STRINGS = NO;
				SWIFT_UPCOMING_FEATURE_MEMBER_IMPORT_VISIBILITY = YES;
				SWIFT_VERSION = 5.0;
				TARGETED_DEVICE_FAMILY = 4;
				TEST_TARGET_NAME = "TicTacToePro-WatchOS Watch App";
				WATCHOS_DEPLOYMENT_TARGET = 26.2;
			};
			name = Debug;
		};
		6EE6320E2F3F24FC00B68E3A /* Release */ = {
			isa = XCBuildConfiguration;
			buildSettings = {
				CODE_SIGN_STYLE = Automatic;
				CURRENT_PROJECT_VERSION = 1;
				DEVELOPMENT_TEAM = 62JGKCCD59;
				GENERATE_INFOPLIST_FILE = YES;
				MARKETING_VERSION = 1.0;
				PRODUCT_BUNDLE_IDENTIFIER = "com.avarageDeveloper.TicTacToePro-WatchOS-Watch-AppUITests";
				PRODUCT_NAME = "$(TARGET_NAME)";
				SDKROOT = watchos;
				STRING_CATALOG_GENERATE_SYMBOLS = NO;
				SWIFT_APPROACHABLE_CONCURRENCY = YES;
				SWIFT_EMIT_LOC_STRINGS = NO;
				SWIFT_UPCOMING_FEATURE_MEMBER_IMPORT_VISIBILITY = YES;
				SWIFT_VERSION = 5.0;
				TARGETED_DEVICE_FAMILY = 4;
				TEST_TARGET_NAME = "TicTacToePro-WatchOS Watch App";
				VALIDATE_PRODUCT = YES;
				WATCHOS_DEPLOYMENT_TARGET = 26.2;
			};
			name = Release;
		};
/* End XCBuildConfiguration section */

/* Begin XCConfigurationList section */
		6E4DCBA62F3F2280005C9326 /* Build configuration list for PBXNativeTarget "TicTacToePro-VisionOS" */ = {
			isa = XCConfigurationList;
			buildConfigurations = (
				6E4DCBA12F3F2280005C9326 /* Debug */,
				6E4DCBA22F3F2280005C9326 /* Release */,
			);
			defaultConfigurationIsVisible = 0;
			defaultConfigurationName = Release;
		};
		6E4DCBA72F3F2280005C9326 /* Build configuration list for PBXNativeTarget "TicTacToePro-VisionOSTests" */ = {
			isa = XCConfigurationList;
			buildConfigurations = (
				6E4DCBA32F3F2280005C9326 /* Debug */,
				6E4DCBA42F3F2280005C9326 /* Release */,
			);
			defaultConfigurationIsVisible = 0;
			defaultConfigurationName = Release;
		};
		6E7467D32E7F17FE00A3ABD9 /* Build configuration list for PBXProject "TicTacToePro" */ = {
			isa = XCConfigurationList;
			buildConfigurations = (
				6E7467E12E7F17FF00A3ABD9 /* Debug */,
				6E7467E22E7F17FF00A3ABD9 /* Release */,
			);
			defaultConfigurationIsVisible = 0;
			defaultConfigurationName = Release;
		};
		6E7467E32E7F17FF00A3ABD9 /* Build configuration list for PBXNativeTarget "TicTacToePro" */ = {
			isa = XCConfigurationList;
			buildConfigurations = (
				6E7467E42E7F17FF00A3ABD9 /* Debug */,
				6E7467E52E7F17FF00A3ABD9 /* Release */,
			);
			defaultConfigurationIsVisible = 0;
			defaultConfigurationName = Release;
		};
		6EC7D88C2F3B3BAB00DBFEEC /* Build configuration list for PBXNativeTarget "TicTacToeProUITests" */ = {
			isa = XCConfigurationList;
			buildConfigurations = (
				6EC7D88A2F3B3BAB00DBFEEC /* Debug */,
				6EC7D88B2F3B3BAB00DBFEEC /* Release */,
			);
			defaultConfigurationIsVisible = 0;
			defaultConfigurationName = Release;
		};
		6EE631FC2F3F24FC00B68E3A /* Build configuration list for PBXNativeTarget "TicTacToePro-WatchOS Watch App" */ = {
			isa = XCConfigurationList;
			buildConfigurations = (
				6EE631FD2F3F24FC00B68E3A /* Debug */,
				6EE631FE2F3F24FC00B68E3A /* Release */,
			);
			defaultConfigurationIsVisible = 0;
			defaultConfigurationName = Release;
		};
		6EE632092F3F24FC00B68E3A /* Build configuration list for PBXNativeTarget "TicTacToePro-WatchOS Watch AppTests" */ = {
			isa = XCConfigurationList;
			buildConfigurations = (
				6EE6320A2F3F24FC00B68E3A /* Debug */,
				6EE6320B2F3F24FC00B68E3A /* Release */,
			);
			defaultConfigurationIsVisible = 0;
			defaultConfigurationName = Release;
		};
		6EE6320C2F3F24FC00B68E3A /* Build configuration list for PBXNativeTarget "TicTacToePro-WatchOS Watch AppUITests" */ = {
			isa = XCConfigurationList;
			buildConfigurations = (
				6EE6320D2F3F24FC00B68E3A /* Debug */,
				6EE6320E2F3F24FC00B68E3A /* Release */,
			);
			defaultConfigurationIsVisible = 0;
			defaultConfigurationName = Release;
		};
/* End XCConfigurationList section */

/* Begin XCRemoteSwiftPackageReference section */
		6E435A612EA521C900D97180 /* XCRemoteSwiftPackageReference "firebase-ios-sdk" */ = {
			isa = XCRemoteSwiftPackageReference;
			repositoryURL = "https://github.com/firebase/firebase-ios-sdk";
			requirement = {
				kind = upToNextMajorVersion;
				minimumVersion = 12.4.0;
			};
		};
/* End XCRemoteSwiftPackageReference section */

/* Begin XCSwiftPackageProductDependency section */
		6E435A622EA521C900D97180 /* FirebaseAI */ = {
			isa = XCSwiftPackageProductDependency;
			package = 6E435A612EA521C900D97180 /* XCRemoteSwiftPackageReference "firebase-ios-sdk" */;
			productName = FirebaseAI;
		};
		6E435A642EA521C900D97180 /* FirebaseAnalytics */ = {
			isa = XCSwiftPackageProductDependency;
			package = 6E435A612EA521C900D97180 /* XCRemoteSwiftPackageReference "firebase-ios-sdk" */;
			productName = FirebaseAnalytics;
		};
		6E435A662EA521C900D97180 /* FirebaseAuth */ = {
			isa = XCSwiftPackageProductDependency;
			package = 6E435A612EA521C900D97180 /* XCRemoteSwiftPackageReference "firebase-ios-sdk" */;
			productName = FirebaseAuth;
		};
		6E435A682EA521C900D97180 /* FirebaseFirestore */ = {
			isa = XCSwiftPackageProductDependency;
			package = 6E435A612EA521C900D97180 /* XCRemoteSwiftPackageReference "firebase-ios-sdk" */;
			productName = FirebaseFirestore;
		};
		6E435A6A2EA521C900D97180 /* FirebaseMessaging */ = {
			isa = XCSwiftPackageProductDependency;
			package = 6E435A612EA521C900D97180 /* XCRemoteSwiftPackageReference "firebase-ios-sdk" */;
			productName = FirebaseMessaging;
		};
		6E4DCB8E2F3F227F005C9326 /* RealityKitContent */ = {
			isa = XCSwiftPackageProductDependency;
			productName = RealityKitContent;
		};
/* End XCSwiftPackageProductDependency section */
	};
	rootObject = 6E7467D02E7F17FE00A3ABD9 /* Project object */;
}
